
Microsoft Visual Studio Solution File, Format Version 12.00
# Visual Studio Version 17
VisualStudioVersion = 17.13.35919.96
MinimumVisualStudioVersion = 10.0.40219.1
Project("{FAE04EC0-301F-11D3-BF4B-00C04F79EFBC}") = "NetRom_ShowTime", "NetRom_ShowTime\NetRom_ShowTime\NetRom_ShowTime.csproj", "{C3794D61-5EC6-482A-A56B-D6763FF1B980}"
EndProject
Project("{FAE04EC0-301F-11D3-BF4B-00C04F79EFBC}") = "ShowTime.DataAccess", "ShowTimeDataAccess\ShowTime.DataAccess.csproj", "{C591A9CA-4BE1-43A9-90EC-CE856084FDE7}"
EndProject
Project("{FAE04EC0-301F-11D3-BF4B-00C04F79EFBC}") = "ShowTime.BusinessLogic", "ShowTime.BusinessLogic\ShowTime.BusinessLogic.csproj", "{14393966-1FA8-4375-B8A8-DA99F2A65179}"
	ProjectSection(ProjectDependencies) = postProject
		{C591A9CA-4BE1-43A9-90EC-CE856084FDE7} = {C591A9CA-4BE1-43A9-90EC-CE856084FDE7}
	EndProjectSection
EndProject
Global
	GlobalSection(SolutionConfigurationPlatforms) = preSolution
		Debug|Any CPU = Debug|Any CPU
		Release|Any CPU = Release|Any CPU
	EndGlobalSection
	GlobalSection(ProjectConfigurationPlatforms) = postSolution
		{C3794D61-5EC6-482A-A56B-D6763FF1B980}.Debug|Any CPU.ActiveCfg = Debug|Any CPU
		{C3794D61-5EC6-482A-A56B-D6763FF1B980}.Debug|Any CPU.Build.0 = Debug|Any CPU
		{C3794D61-5EC6-482A-A56B-D6763FF1B980}.Release|Any CPU.ActiveCfg = Release|Any CPU
		{C3794D61-5EC6-482A-A56B-D6763FF1B980}.Release|Any CPU.Build.0 = Release|Any CPU
		{C591A9CA-4BE1-43A9-90EC-CE856084FDE7}.Debug|Any CPU.ActiveCfg = Debug|Any CPU
		{C591A9CA-4BE1-43A9-90EC-CE856084FDE7}.Debug|Any CPU.Build.0 = Debug|Any CPU
		{C591A9CA-4BE1-43A9-90EC-CE856084FDE7}.Release|Any CPU.ActiveCfg = Release|Any CPU
		{C591A9CA-4BE1-43A9-90EC-CE856084FDE7}.Release|Any CPU.Build.0 = Release|Any CPU
		{14393966-1FA8-4375-B8A8-DA99F2A65179}.Debug|Any CPU.ActiveCfg = Debug|Any CPU
		{14393966-1FA8-4375-B8A8-DA99F2A65179}.Debug|Any CPU.Build.0 = Debug|Any CPU
		{14393966-1FA8-4375-B8A8-DA99F2A65179}.Release|Any CPU.ActiveCfg = Release|Any CPU
		{14393966-1FA8-4375-B8A8-DA99F2A65179}.Release|Any CPU.Build.0 = Release|Any CPU
	EndGlobalSection
	GlobalSection(SolutionProperties) = preSolution
		HideSolutionNode = FALSE
	EndGlobalSection
	GlobalSection(ExtensibilityGlobals) = postSolution
		SolutionGuid = {C5463028-9E64-4E4C-9F5C-6EF87CC9050D}
	EndGlobalSection
EndGlobal
