
Microsoft Visual Studio Solution File, Format Version 12.00
# Visual Studio Version 17
VisualStudioVersion = 17.13.35919.96 d17.13
MinimumVisualStudioVersion = 10.0.40219.1
Project("{FAE04EC0-301F-11D3-BF4B-00C04F79EFBC}") = "NetRom_ShowTime", "NetRom_ShowTime\NetRom_ShowTime\NetRom_ShowTime.csproj", "{C3794D61-5EC6-482A-A56B-D6763FF1B980}"
EndProject
Project("{FAE04EC0-301F-11D3-BF4B-00C04F79EFBC}") = "NetRom_ShowTime.Client", "NetRom_ShowTime\NetRom_ShowTime.Client\NetRom_ShowTime.Client.csproj", "{66195E35-B8D3-48E6-AA94-152329F61A75}"
EndProject
Global
	GlobalSection(SolutionConfigurationPlatforms) = preSolution
		Debug|Any CPU = Debug|Any CPU
		Release|Any CPU = Release|Any CPU
	EndGlobalSection
	GlobalSection(ProjectConfigurationPlatforms) = postSolution
		{C3794D61-5EC6-482A-A56B-D6763FF1B980}.Debug|Any CPU.ActiveCfg = Debug|Any CPU
		{C3794D61-5EC6-482A-A56B-D6763FF1B980}.Debug|Any CPU.Build.0 = Debug|Any CPU
		{C3794D61-5EC6-482A-A56B-D6763FF1B980}.Release|Any CPU.ActiveCfg = Release|Any CPU
		{C3794D61-5EC6-482A-A56B-D6763FF1B980}.Release|Any CPU.Build.0 = Release|Any CPU
		{66195E35-B8D3-48E6-AA94-152329F61A75}.Debug|Any CPU.ActiveCfg = Debug|Any CPU
		{66195E35-B8D3-48E6-AA94-152329F61A75}.Debug|Any CPU.Build.0 = Debug|Any CPU
		{66195E35-B8D3-48E6-AA94-152329F61A75}.Release|Any CPU.ActiveCfg = Release|Any CPU
		{66195E35-B8D3-48E6-AA94-152329F61A75}.Release|Any CPU.Build.0 = Release|Any CPU
	EndGlobalSection
	GlobalSection(SolutionProperties) = preSolution
		HideSolutionNode = FALSE
	EndGlobalSection
	GlobalSection(ExtensibilityGlobals) = postSolution
		SolutionGuid = {C5463028-9E64-4E4C-9F5C-6EF87CC9050D}
	EndGlobalSection
EndGlobal
